
Microsoft Visual Studio Solution File, Format Version 12.00
# Visual Studio Version 18
VisualStudioVersion = 18.6.11819.183 stable
MinimumVisualStudioVersion = 10.0.40219.1
Project("{FAE04EC0-301F-11D3-BF4B-00C04F79EFBC}") = "AvaloniaScriptLoader", "AvaloniaScriptLoader\AvaloniaScriptLoader.csproj", "{BB7A32BD-E73F-6E20-B6E6-AD226F715AA9}"
EndProject
Project("{FAE04EC0-301F-11D3-BF4B-00C04F79EFBC}") = "ScriptLang", "..\..\C#\SereinScript\SereinScript\ScriptLang\ScriptLang.csproj", "{3A1D893A-081F-C740-F4F9-A18B8B0194B1}"
EndProject
Project("{FAE04EC0-301F-11D3-BF4B-00C04F79EFBC}") = "ScriptLang.Generator", "..\..\C#\SereinScript\SereinScript\ScriptLang.Generator\ScriptLang.Generator.csproj", "{551C45DB-4D1A-CCD2-3B40-EE877908E841}"
EndProject
Global
	GlobalSection(SolutionConfigurationPlatforms) = preSolution
		Debug|Any CPU = Debug|Any CPU
		Release|Any CPU = Release|Any CPU
	EndGlobalSection
	GlobalSection(ProjectConfigurationPlatforms) = postSolution
		{BB7A32BD-E73F-6E20-B6E6-AD226F715AA9}.Debug|Any CPU.ActiveCfg = Debug|Any CPU
		{BB7A32BD-E73F-6E20-B6E6-AD226F715AA9}.Debug|Any CPU.Build.0 = Debug|Any CPU
		{BB7A32BD-E73F-6E20-B6E6-AD226F715AA9}.Release|Any CPU.ActiveCfg = Release|Any CPU
		{BB7A32BD-E73F-6E20-B6E6-AD226F715AA9}.Release|Any CPU.Build.0 = Release|Any CPU
		{3A1D893A-081F-C740-F4F9-A18B8B0194B1}.Debug|Any CPU.ActiveCfg = Debug|Any CPU
		{3A1D893A-081F-C740-F4F9-A18B8B0194B1}.Debug|Any CPU.Build.0 = Debug|Any CPU
		{3A1D893A-081F-C740-F4F9-A18B8B0194B1}.Release|Any CPU.ActiveCfg = Release|Any CPU
		{3A1D893A-081F-C740-F4F9-A18B8B0194B1}.Release|Any CPU.Build.0 = Release|Any CPU
		{551C45DB-4D1A-CCD2-3B40-EE877908E841}.Debug|Any CPU.ActiveCfg = Debug|Any CPU
		{551C45DB-4D1A-CCD2-3B40-EE877908E841}.Debug|Any CPU.Build.0 = Debug|Any CPU
		{551C45DB-4D1A-CCD2-3B40-EE877908E841}.Release|Any CPU.ActiveCfg = Release|Any CPU
		{551C45DB-4D1A-CCD2-3B40-EE877908E841}.Release|Any CPU.Build.0 = Release|Any CPU
	EndGlobalSection
	GlobalSection(SolutionProperties) = preSolution
		HideSolutionNode = FALSE
	EndGlobalSection
	GlobalSection(ExtensibilityGlobals) = postSolution
		SolutionGuid = {A701546C-6D70-4A65-A3AC-56207EE94B8C}
	EndGlobalSection
EndGlobal
